
Microsoft Visual Studio Solution File, Format Version 12.00
# Visual Studio 15
VisualStudioVersion = 15.0.34320.172
MinimumVisualStudioVersion = 10.0.40219.1
Project("{E24C65DC-7377-472B-9ABA-BC803B73C61A}") = "Create_Consume_ApiCode", "Create_Consume_ApiCode\", "{DC311F75-4A5D-4D6A-BF97-1705D6126A21}"
	ProjectSection(WebsiteProperties) = preProject
		TargetFrameworkMoniker = ".NETFramework,Version%3Dv4.7.2"
		Debug.AspNetCompiler.VirtualPath = "/localhost_64383"
		Debug.AspNetCompiler.PhysicalPath = "Create_Consume_ApiCode\"
		Debug.AspNetCompiler.TargetPath = "PrecompiledWeb\localhost_64383\"
		Debug.AspNetCompiler.Updateable = "true"
		Debug.AspNetCompiler.ForceOverwrite = "true"
		Debug.AspNetCompiler.FixedNames = "false"
		Debug.AspNetCompiler.Debug = "True"
		Release.AspNetCompiler.VirtualPath = "/localhost_64383"
		Release.AspNetCompiler.PhysicalPath = "Create_Consume_ApiCode\"
		Release.AspNetCompiler.TargetPath = "PrecompiledWeb\localhost_64383\"
		Release.AspNetCompiler.Updateable = "true"
		Release.AspNetCompiler.ForceOverwrite = "true"
		Release.AspNetCompiler.FixedNames = "false"
		Release.AspNetCompiler.Debug = "False"
		VWDPort = "64383"
		SlnRelativePath = "Create_Consume_ApiCode\"
		DefaultWebSiteLanguage = "Visual C#"
	EndProjectSection
EndProject
Global
	GlobalSection(SolutionConfigurationPlatforms) = preSolution
		Debug|Any CPU = Debug|Any CPU
	EndGlobalSection
	GlobalSection(ProjectConfigurationPlatforms) = postSolution
		{DC311F75-4A5D-4D6A-BF97-1705D6126A21}.Debug|Any CPU.ActiveCfg = Debug|Any CPU
		{DC311F75-4A5D-4D6A-BF97-1705D6126A21}.Debug|Any CPU.Build.0 = Debug|Any CPU
	EndGlobalSection
	GlobalSection(SolutionProperties) = preSolution
		HideSolutionNode = FALSE
	EndGlobalSection
	GlobalSection(ExtensibilityGlobals) = postSolution
		SolutionGuid = {1CE9B8D6-709D-4C70-A2C2-C0814CEE46A8}
	EndGlobalSection
EndGlobal
